
Microsoft Visual Studio Solution File, Format Version 12.00
# Visual Studio Version 17
VisualStudioVersion = 17.3.32819.101
MinimumVisualStudioVersion = 10.0.40219.1
Project("{FAE04EC0-301F-11D3-BF4B-00C04F79EFBC}") = "08.02(CalkProject)", "08.02(CalkProject)\08.02(CalkProject).csproj", "{80BCDFE3-07DF-4B98-935C-E4A773ED38BC}"
EndProject
Project("{FAE04EC0-301F-11D3-BF4B-00C04F79EFBC}") = "TestProject", "TestProject\TestProject.csproj", "{3DC6F089-F96E-459E-8757-DB5B19F9B628}"
EndProject
Global
	GlobalSection(SolutionConfigurationPlatforms) = preSolution
		Debug|Any CPU = Debug|Any CPU
		Release|Any CPU = Release|Any CPU
	EndGlobalSection
	GlobalSection(ProjectConfigurationPlatforms) = postSolution
		{80BCDFE3-07DF-4B98-935C-E4A773ED38BC}.Debug|Any CPU.ActiveCfg = Debug|Any CPU
		{80BCDFE3-07DF-4B98-935C-E4A773ED38BC}.Debug|Any CPU.Build.0 = Debug|Any CPU
		{80BCDFE3-07DF-4B98-935C-E4A773ED38BC}.Release|Any CPU.ActiveCfg = Release|Any CPU
		{80BCDFE3-07DF-4B98-935C-E4A773ED38BC}.Release|Any CPU.Build.0 = Release|Any CPU
		{3DC6F089-F96E-459E-8757-DB5B19F9B628}.Debug|Any CPU.ActiveCfg = Debug|Any CPU
		{3DC6F089-F96E-459E-8757-DB5B19F9B628}.Debug|Any CPU.Build.0 = Debug|Any CPU
		{3DC6F089-F96E-459E-8757-DB5B19F9B628}.Release|Any CPU.ActiveCfg = Release|Any CPU
		{3DC6F089-F96E-459E-8757-DB5B19F9B628}.Release|Any CPU.Build.0 = Release|Any CPU
	EndGlobalSection
	GlobalSection(SolutionProperties) = preSolution
		HideSolutionNode = FALSE
	EndGlobalSection
	GlobalSection(ExtensibilityGlobals) = postSolution
		SolutionGuid = {C81E246F-D88C-42C6-A893-B4AC6FBB09A0}
	EndGlobalSection
EndGlobal
